
Microsoft Visual Studio Solution File, Format Version 12.00
# Visual Studio Version 17
VisualStudioVersion = 17.11.35327.3
MinimumVisualStudioVersion = 10.0.40219.1
Project("{8BC9CEB8-8B4A-11D0-8D11-00A0C91BC942}") = "client", "client\client.vcxproj", "{791CDAB1-5779-4293-AE6F-BD81B3C5D78A}"
EndProject
Project("{8BC9CEB8-8B4A-11D0-8D11-00A0C91BC942}") = "server", "server\server.vcxproj", "{033920CA-1132-4E9F-8940-46114E6CA4CD}"
EndProject
Global
	GlobalSection(SolutionConfigurationPlatforms) = preSolution
		Debug|x64 = Debug|x64
		Debug|x86 = Debug|x86
		Release|x64 = Release|x64
		Release|x86 = Release|x86
	EndGlobalSection
	GlobalSection(ProjectConfigurationPlatforms) = postSolution
		{791CDAB1-5779-4293-AE6F-BD81B3C5D78A}.Debug|x64.ActiveCfg = Debug|x64
		{791CDAB1-5779-4293-AE6F-BD81B3C5D78A}.Debug|x64.Build.0 = Debug|x64
		{791CDAB1-5779-4293-AE6F-BD81B3C5D78A}.Debug|x86.ActiveCfg = Debug|Win32
		{791CDAB1-5779-4293-AE6F-BD81B3C5D78A}.Debug|x86.Build.0 = Debug|Win32
		{791CDAB1-5779-4293-AE6F-BD81B3C5D78A}.Release|x64.ActiveCfg = Release|x64
		{791CDAB1-5779-4293-AE6F-BD81B3C5D78A}.Release|x64.Build.0 = Release|x64
		{791CDAB1-5779-4293-AE6F-BD81B3C5D78A}.Release|x86.ActiveCfg = Release|Win32
		{791CDAB1-5779-4293-AE6F-BD81B3C5D78A}.Release|x86.Build.0 = Release|Win32
		{033920CA-1132-4E9F-8940-46114E6CA4CD}.Debug|x64.ActiveCfg = Debug|x64
		{033920CA-1132-4E9F-8940-46114E6CA4CD}.Debug|x64.Build.0 = Debug|x64
		{033920CA-1132-4E9F-8940-46114E6CA4CD}.Debug|x86.ActiveCfg = Debug|Win32
		{033920CA-1132-4E9F-8940-46114E6CA4CD}.Debug|x86.Build.0 = Debug|Win32
		{033920CA-1132-4E9F-8940-46114E6CA4CD}.Release|x64.ActiveCfg = Release|x64
		{033920CA-1132-4E9F-8940-46114E6CA4CD}.Release|x64.Build.0 = Release|x64
		{033920CA-1132-4E9F-8940-46114E6CA4CD}.Release|x86.ActiveCfg = Release|Win32
		{033920CA-1132-4E9F-8940-46114E6CA4CD}.Release|x86.Build.0 = Release|Win32
	EndGlobalSection
	GlobalSection(SolutionProperties) = preSolution
		HideSolutionNode = FALSE
	EndGlobalSection
	GlobalSection(ExtensibilityGlobals) = postSolution
		SolutionGuid = {E583EFF5-336A-4CCB-9734-4E881A5D49DA}
	EndGlobalSection
EndGlobal
